// !$*UTF8*$!
{
	archiveVersion = 1;
	classes = {
	};
	objectVersion = 50;
	objects = {

/* Begin PBXBuildFile section */
		402E389720E0F5DC00B0CDB8 /* Wolfram.xcdatamodeld in Sources */ = {isa = PBXBuildFile; fileRef = 402E389520E0F5DC00B0CDB8 /* Wolfram.xcdatamodeld */; };
		405FC28720A298D300763E38 /* SqueezeNet.mlmodel in Sources */ = {isa = PBXBuildFile; fileRef = 405FC28620A298D300763E38 /* SqueezeNet.mlmodel */; };
		405FC28920A29A3100763E38 /* MobileNet.mlmodel in Sources */ = {isa = PBXBuildFile; fileRef = 405FC28820A29A3100763E38 /* MobileNet.mlmodel */; };
		40CD7A5D20DA18DF00FB967F /* WolframCellsTableViewCell.swift in Sources */ = {isa = PBXBuildFile; fileRef = 40CD7A5C20DA18DF00FB967F /* WolframCellsTableViewCell.swift */; };
		40DB17F22099F2B4002AEC9A /* AppDelegate.swift in Sources */ = {isa = PBXBuildFile; fileRef = 40DB17F12099F2B4002AEC9A /* AppDelegate.swift */; };
		40DB17F42099F2B4002AEC9A /* ViewController.swift in Sources */ = {isa = PBXBuildFile; fileRef = 40DB17F32099F2B4002AEC9A /* ViewController.swift */; };
		40DB17F72099F2B4002AEC9A /* Main.storyboard in Resources */ = {isa = PBXBuildFile; fileRef = 40DB17F52099F2B4002AEC9A /* Main.storyboard */; };
		40DB17F92099F2B8002AEC9A /* Assets.xcassets in Resources */ = {isa = PBXBuildFile; fileRef = 40DB17F82099F2B8002AEC9A /* Assets.xcassets */; };
		40DB17FC2099F2B8002AEC9A /* LaunchScreen.storyboard in Resources */ = {isa = PBXBuildFile; fileRef = 40DB17FA2099F2B8002AEC9A /* LaunchScreen.storyboard */; };
		40FAE87520D74ED300D48416 /* FirstViewController.swift in Sources */ = {isa = PBXBuildFile; fileRef = 40FAE87420D74ED300D48416 /* FirstViewController.swift */; };
		40FCB93120DA1EA100C8F375 /* CustomCell.swift in Sources */ = {isa = PBXBuildFile; fileRef = 40FCB93020DA1EA100C8F375 /* CustomCell.swift */; };
		40FD8A6720D792280054ED05 /* WolframImagesController.swift in Sources */ = {isa = PBXBuildFile; fileRef = 40FD8A6620D792280054ED05 /* WolframImagesController.swift */; };
		40FD8A6C20D792AE0054ED05 /* Requests.swift in Sources */ = {isa = PBXBuildFile; fileRef = 40FD8A6B20D792AE0054ED05 /* Requests.swift */; };
/* End PBXBuildFile section */

/* Begin PBXFileReference section */
		402E389620E0F5DC00B0CDB8 /* Wolfram.xcdatamodel */ = {isa = PBXFileReference; lastKnownFileType = wrapper.xcdatamodel; path = Wolfram.xcdatamodel; sourceTree = "<group>"; };
		405FC28620A298D300763E38 /* SqueezeNet.mlmodel */ = {isa = PBXFileReference; lastKnownFileType = file.mlmodel; path = SqueezeNet.mlmodel; sourceTree = "<group>"; };
		405FC28820A29A3100763E38 /* MobileNet.mlmodel */ = {isa = PBXFileReference; lastKnownFileType = file.mlmodel; path = MobileNet.mlmodel; sourceTree = "<group>"; };
		40CD7A5C20DA18DF00FB967F /* WolframCellsTableViewCell.swift */ = {isa = PBXFileReference; lastKnownFileType = sourcecode.swift; path = WolframCellsTableViewCell.swift; sourceTree = "<group>"; };
		40DB17EE2099F2B4002AEC9A /* Show Me This.app */ = {isa = PBXFileReference; explicitFileType = wrapper.application; includeInIndex = 0; path = "Show Me This.app"; sourceTree = BUILT_PRODUCTS_DIR; };
		40DB17F12099F2B4002AEC9A /* AppDelegate.swift */ = {isa = PBXFileReference; lastKnownFileType = sourcecode.swift; path = AppDelegate.swift; sourceTree = "<group>"; };
		40DB17F32099F2B4002AEC9A /* ViewController.swift */ = {isa = PBXFileReference; lastKnownFileType = sourcecode.swift; path = ViewController.swift; sourceTree = "<group>"; };
		40DB17F62099F2B4002AEC9A /* Base */ = {isa = PBXFileReference; lastKnownFileType = file.storyboard; name = Base; path = Base.lproj/Main.storyboard; sourceTree = "<group>"; };
		40DB17F82099F2B8002AEC9A /* Assets.xcassets */ = {isa = PBXFileReference; lastKnownFileType = folder.assetcatalog; path = Assets.xcassets; sourceTree = "<group>"; };
		40DB17FB2099F2B8002AEC9A /* Base */ = {isa = PBXFileReference; lastKnownFileType = file.storyboard; name = Base; path = Base.lproj/LaunchScreen.storyboard; sourceTree = "<group>"; };
		40DB17FD2099F2B8002AEC9A /* Info.plist */ = {isa = PBXFileReference; lastKnownFileType = text.plist.xml; path = Info.plist; sourceTree = "<group>"; };
		40FAE87420D74ED300D48416 /* FirstViewController.swift */ = {isa = PBXFileReference; lastKnownFileType = sourcecode.swift; path = FirstViewController.swift; sourceTree = "<group>"; };
		40FCB93020DA1EA100C8F375 /* CustomCell.swift */ = {isa = PBXFileReference; lastKnownFileType = sourcecode.swift; path = CustomCell.swift; sourceTree = "<group>"; };
		40FD8A6620D792280054ED05 /* WolframImagesController.swift */ = {isa = PBXFileReference; lastKnownFileType = sourcecode.swift; path = WolframImagesController.swift; sourceTree = "<group>"; };
		40FD8A6B20D792AE0054ED05 /* Requests.swift */ = {isa = PBXFileReference; lastKnownFileType = sourcecode.swift; path = Requests.swift; sourceTree = "<group>"; };
/* End PBXFileReference section */

/* Begin PBXFrameworksBuildPhase section */
		40DB17EB2099F2B4002AEC9A /* Frameworks */ = {
			isa = PBXFrameworksBuildPhase;
			buildActionMask = 2147483647;
			files = (
			);
			runOnlyForDeploymentPostprocessing = 0;
		};
/* End PBXFrameworksBuildPhase section */

/* Begin PBXGroup section */
		40CD7A5B20DA18B500FB967F /* View */ = {
			isa = PBXGroup;
			children = (
				40CD7A5C20DA18DF00FB967F /* WolframCellsTableViewCell.swift */,
				40FCB93020DA1EA100C8F375 /* CustomCell.swift */,
			);
			path = View;
			sourceTree = "<group>";
		};
		40DB17E52099F2B4002AEC9A = {
			isa = PBXGroup;
			children = (
				40DB17F02099F2B4002AEC9A /* Show Me This */,
				40DB17EF2099F2B4002AEC9A /* Products */,
			);
			sourceTree = "<group>";
		};
		40DB17EF2099F2B4002AEC9A /* Products */ = {
			isa = PBXGroup;
			children = (
				40DB17EE2099F2B4002AEC9A /* Show Me This.app */,
			);
			name = Products;
			sourceTree = "<group>";
		};
		40DB17F02099F2B4002AEC9A /* Show Me This */ = {
			isa = PBXGroup;
			children = (
				40CD7A5B20DA18B500FB967F /* View */,
				40FD8A6A20D792A20054ED05 /* Helpers */,
				40FD8A6920D792760054ED05 /* Model */,
				40FD8A6820D7922D0054ED05 /* Controller */,
				40DB17F12099F2B4002AEC9A /* AppDelegate.swift */,
				40DB17F52099F2B4002AEC9A /* Main.storyboard */,
				40DB17F82099F2B8002AEC9A /* Assets.xcassets */,
				40DB17FA2099F2B8002AEC9A /* LaunchScreen.storyboard */,
				40DB17FD2099F2B8002AEC9A /* Info.plist */,
			);
			path = "Show Me This";
			sourceTree = "<group>";
		};
		40FD8A6820D7922D0054ED05 /* Controller */ = {
			isa = PBXGroup;
			children = (
				40DB17F32099F2B4002AEC9A /* ViewController.swift */,
				40FAE87420D74ED300D48416 /* FirstViewController.swift */,
				40FD8A6620D792280054ED05 /* WolframImagesController.swift */,
			);
			path = Controller;
			sourceTree = "<group>";
		};
		40FD8A6920D792760054ED05 /* Model */ = {
			isa = PBXGroup;
			children = (
				405FC28820A29A3100763E38 /* MobileNet.mlmodel */,
				405FC28620A298D300763E38 /* SqueezeNet.mlmodel */,
				402E389520E0F5DC00B0CDB8 /* Wolfram.xcdatamodeld */,
			);
			path = Model;
			sourceTree = "<group>";
		};
		40FD8A6A20D792A20054ED05 /* Helpers */ = {
			isa = PBXGroup;
			children = (
				40FD8A6B20D792AE0054ED05 /* Requests.swift */,
			);
			path = Helpers;
			sourceTree = "<group>";
		};
/* End PBXGroup section */

/* Begin PBXNativeTarget section */
		40DB17ED2099F2B4002AEC9A /* Show Me This */ = {
			isa = PBXNativeTarget;
			buildConfigurationList = 40DB18002099F2B8002AEC9A /* Build configuration list for PBXNativeTarget "Show Me This" */;
			buildPhases = (
				40DB17EA2099F2B4002AEC9A /* Sources */,
				40DB17EB2099F2B4002AEC9A /* Frameworks */,
				40DB17EC2099F2B4002AEC9A /* Resources */,
			);
			buildRules = (
			);
			dependencies = (
			);
			name = "Show Me This";
			productName = "Show Me This";
			productReference = 40DB17EE2099F2B4002AEC9A /* Show Me This.app */;
			productType = "com.apple.product-type.application";
		};
/* End PBXNativeTarget section */

/* Begin PBXProject section */
		40DB17E62099F2B4002AEC9A /* Project object */ = {
			isa = PBXProject;
			attributes = {
				LastSwiftUpdateCheck = 0930;
				LastUpgradeCheck = 0930;
				ORGANIZATIONNAME = "Ravikiran Pathade";
				TargetAttributes = {
					40DB17ED2099F2B4002AEC9A = {
						CreatedOnToolsVersion = 9.3;
						SystemCapabilities = {
							com.apple.BackgroundModes = {
								enabled = 0;
							};
						};
					};
				};
			};
			buildConfigurationList = 40DB17E92099F2B4002AEC9A /* Build configuration list for PBXProject "Show Me This" */;
			compatibilityVersion = "Xcode 9.3";
			developmentRegion = en;
			hasScannedForEncodings = 0;
			knownRegions = (
				en,
				Base,
			);
			mainGroup = 40DB17E52099F2B4002AEC9A;
			productRefGroup = 40DB17EF2099F2B4002AEC9A /* Products */;
			projectDirPath = "";
			projectRoot = "";
			targets = (
				40DB17ED2099F2B4002AEC9A /* Show Me This */,
			);
		};
/* End PBXProject section */

/* Begin PBXResourcesBuildPhase section */
		40DB17EC2099F2B4002AEC9A /* Resources */ = {
			isa = PBXResourcesBuildPhase;
			buildActionMask = 2147483647;
			files = (
				40DB17FC2099F2B8002AEC9A /* LaunchScreen.storyboard in Resources */,
				40DB17F92099F2B8002AEC9A /* Assets.xcassets in Resources */,
				40DB17F72099F2B4002AEC9A /* Main.storyboard in Resources */,
			);
			runOnlyForDeploymentPostprocessing = 0;
		};
/* End PBXResourcesBuildPhase section */

/* Begin PBXSourcesBuildPhase section */
		40DB17EA2099F2B4002AEC9A /* Sources */ = {
			isa = PBXSourcesBuildPhase;
			buildActionMask = 2147483647;
			files = (
				40CD7A5D20DA18DF00FB967F /* WolframCellsTableViewCell.swift in Sources */,
				40FAE87520D74ED300D48416 /* FirstViewController.swift in Sources */,
				405FC28920A29A3100763E38 /* MobileNet.mlmodel in Sources */,
				40DB17F42099F2B4002AEC9A /* ViewController.swift in Sources */,
				40FCB93120DA1EA100C8F375 /* CustomCell.swift in Sources */,
				405FC28720A298D300763E38 /* SqueezeNet.mlmodel in Sources */,
				402E389720E0F5DC00B0CDB8 /* Wolfram.xcdatamodeld in Sources */,
				40FD8A6720D792280054ED05 /* WolframImagesController.swift in Sources */,
				40FD8A6C20D792AE0054ED05 /* Requests.swift in Sources */,
				40DB17F22099F2B4002AEC9A /* AppDelegate.swift in Sources */,
			);
			runOnlyForDeploymentPostprocessing = 0;
		};
/* End PBXSourcesBuildPhase section */

/* Begin PBXVariantGroup section */
		40DB17F52099F2B4002AEC9A /* Main.storyboard */ = {
			isa = PBXVariantGroup;
			children = (
				40DB17F62099F2B4002AEC9A /* Base */,
			);
			name = Main.storyboard;
			sourceTree = "<group>";
		};
		40DB17FA2099F2B8002AEC9A /* LaunchScreen.storyboard */ = {
			isa = PBXVariantGroup;
			children = (
				40DB17FB2099F2B8002AEC9A /* Base */,
			);
			name = LaunchScreen.storyboard;
			sourceTree = "<group>";
		};
/* End PBXVariantGroup section */

/* Begin XCBuildConfiguration section */
		40DB17FE2099F2B8002AEC9A /* Debug */ = {
			isa = XCBuildConfiguration;
			buildSettings = {
				ALWAYS_SEARCH_USER_PATHS = NO;
				CLANG_ANALYZER_NONNULL = YES;
				CLANG_ANALYZER_NUMBER_OBJECT_CONVERSION = YES_AGGRESSIVE;
				CLANG_CXX_LANGUAGE_STANDARD = "gnu++14";
				CLANG_CXX_LIBRARY = "libc++";
				CLANG_ENABLE_MODULES = YES;
				CLANG_ENABLE_OBJC_ARC = YES;
				CLANG_ENABLE_OBJC_WEAK = YES;
				CLANG_WARN_BLOCK_CAPTURE_AUTORELEASING = YES;
				CLANG_WARN_BOOL_CONVERSION = YES;
				CLANG_WARN_COMMA = YES;
				CLANG_WARN_CONSTANT_CONVERSION = YES;
				CLANG_WARN_DEPRECATED_OBJC_IMPLEMENTATIONS = YES;
				CLANG_WARN_DIRECT_OBJC_ISA_USAGE = YES_ERROR;
				CLANG_WARN_DOCUMENTATION_COMMENTS = YES;
				CLANG_WARN_EMPTY_BODY = YES;
				CLANG_WARN_ENUM_CONVERSION = YES;
				CLANG_WARN_INFINITE_RECURSION = YES;
				CLANG_WARN_INT_CONVERSION = YES;
				CLANG_WARN_NON_LITERAL_NULL_CONVERSION = YES;
				CLANG_WARN_OBJC_IMPLICIT_RETAIN_SELF = YES;
				CLANG_WARN_OBJC_LITERAL_CONVERSION = YES;
				CLANG_WARN_OBJC_ROOT_CLASS = YES_ERROR;
				CLANG_WARN_RANGE_LOOP_ANALYSIS = YES;
				CLANG_WARN_STRICT_PROTOTYPES = YES;
				CLANG_WARN_SUSPICIOUS_MOVE = YES;
				CLANG_WARN_UNGUARDED_AVAILABILITY = YES_AGGRESSIVE;
				CLANG_WARN_UNREACHABLE_CODE = YES;
				CLANG_WARN__DUPLICATE_METHOD_MATCH = YES;
				CODE_SIGN_IDENTITY = "iPhone Developer";
				COPY_PHASE_STRIP = NO;
				DEBUG_INFORMATION_FORMAT = dwarf;
				ENABLE_STRICT_OBJC_MSGSEND = YES;
				ENABLE_TESTABILITY = YES;
				GCC_C_LANGUAGE_STANDARD = gnu11;
				GCC_DYNAMIC_NO_PIC = NO;
				GCC_NO_COMMON_BLOCKS = YES;
				GCC_OPTIMIZATION_LEVEL = 0;
				GCC_PREPROCESSOR_DEFINITIONS = (
					"DEBUG=1",
					"$(inherited)",
				);
				GCC_WARN_64_TO_32_BIT_CONVERSION = YES;
				GCC_WARN_ABOUT_RETURN_TYPE = YES_ERROR;
				GCC_WARN_UNDECLARED_SELECTOR = YES;
				GCC_WARN_UNINITIALIZED_AUTOS = YES_AGGRESSIVE;
				GCC_WARN_UNUSED_FUNCTION = YES;
				GCC_WARN_UNUSED_VARIABLE = YES;
				IPHONEOS_DEPLOYMENT_TARGET = 11.3;
				MTL_ENABLE_DEBUG_INFO = YES;
				ONLY_ACTIVE_ARCH = YES;
				SDKROOT = iphoneos;
				SWIFT_ACTIVE_COMPILATION_CONDITIONS = DEBUG;
				SWIFT_OPTIMIZATION_LEVEL = "-Onone";
			};
			name = Debug;
		};
		40DB17FF2099F2B8002AEC9A /* Release */ = {
			isa = XCBuildConfiguration;
			buildSettings = {
				ALWAYS_SEARCH_USER_PATHS = NO;
				CLANG_ANALYZER_NONNULL = YES;
				CLANG_ANALYZER_NUMBER_OBJECT_CONVERSION = YES_AGGRESSIVE;
				CLANG_CXX_LANGUAGE_STANDARD = "gnu++14";
				CLANG_CXX_LIBRARY = "libc++";
				CLANG_ENABLE_MODULES = YES;
				CLANG_ENABLE_OBJC_ARC = YES;
				CLANG_ENABLE_OBJC_WEAK = YES;
				CLANG_WARN_BLOCK_CAPTURE_AUTORELEASING = YES;
				CLANG_WARN_BOOL_CONVERSION = YES;
				CLANG_WARN_COMMA = YES;
				CLANG_WARN_CONSTANT_CONVERSION = YES;
				CLANG_WARN_DEPRECATED_OBJC_IMPLEMENTATIONS = YES;
				CLANG_WARN_DIRECT_OBJC_ISA_USAGE = YES_ERROR;
				CLANG_WARN_DOCUMENTATION_COMMENTS = YES;
				CLANG_WARN_EMPTY_BODY = YES;
				CLANG_WARN_ENUM_CONVERSION = YES;
				CLANG_WARN_INFINITE_RECURSION = YES;
				CLANG_WARN_INT_CONVERSION = YES;
				CLANG_WARN_NON_LITERAL_NULL_CONVERSION = YES;
				CLANG_WARN_OBJC_IMPLICIT_RETAIN_SELF = YES;
				CLANG_WARN_OBJC_LITERAL_CONVERSION = YES;
				CLANG_WARN_OBJC_ROOT_CLASS = YES_ERROR;
				CLANG_WARN_RANGE_LOOP_ANALYSIS = YES;
				CLANG_WARN_STRICT_PROTOTYPES = YES;
				CLANG_WARN_SUSPICIOUS_MOVE = YES;
				CLANG_WARN_UNGUARDED_AVAILABILITY = YES_AGGRESSIVE;
				CLANG_WARN_UNREACHABLE_CODE = YES;
				CLANG_WARN__DUPLICATE_METHOD_MATCH = YES;
				CODE_SIGN_IDENTITY = "iPhone Developer";
				COPY_PHASE_STRIP = NO;
				DEBUG_INFORMATION_FORMAT = "dwarf-with-dsym";
				ENABLE_NS_ASSERTIONS = NO;
				ENABLE_STRICT_OBJC_MSGSEND = YES;
				GCC_C_LANGUAGE_STANDARD = gnu11;
				GCC_NO_COMMON_BLOCKS = YES;
				GCC_WARN_64_TO_32_BIT_CONVERSION = YES;
				GCC_WARN_ABOUT_RETURN_TYPE = YES_ERROR;
				GCC_WARN_UNDECLARED_SELECTOR = YES;
				GCC_WARN_UNINITIALIZED_AUTOS = YES_AGGRESSIVE;
				GCC_WARN_UNUSED_FUNCTION = YES;
				GCC_WARN_UNUSED_VARIABLE = YES;
				IPHONEOS_DEPLOYMENT_TARGET = 11.3;
				MTL_ENABLE_DEBUG_INFO = NO;
				SDKROOT = iphoneos;
				SWIFT_COMPILATION_MODE = wholemodule;
				SWIFT_OPTIMIZATION_LEVEL = "-O";
				VALIDATE_PRODUCT = YES;
			};
			name = Release;
		};
		40DB18012099F2B8002AEC9A /* Debug */ = {
			isa = XCBuildConfiguration;
			buildSettings = {
				ASSETCATALOG_COMPILER_APPICON_NAME = AppIcon;
				CODE_SIGN_STYLE = Automatic;
				DEVELOPMENT_TEAM = 3458EK872K;
				INFOPLIST_FILE = "Show Me This/Info.plist";
				LD_RUNPATH_SEARCH_PATHS = (
					"$(inherited)",
					"@executable_path/Frameworks",
				);
				PRODUCT_BUNDLE_IDENTIFIER = "com.rpathadeapps.showmethis.Show-Me-This";
				PRODUCT_NAME = "$(TARGET_NAME)";
				SWIFT_VERSION = 4.0;
				TARGETED_DEVICE_FAMILY = "1,2";
			};
			name = Debug;
		};
		40DB18022099F2B8002AEC9A /* Release */ = {
			isa = XCBuildConfiguration;
			buildSettings = {
				ASSETCATALOG_COMPILER_APPICON_NAME = AppIcon;
				CODE_SIGN_STYLE = Automatic;
				DEVELOPMENT_TEAM = 3458EK872K;
				INFOPLIST_FILE = "Show Me This/Info.plist";
				LD_RUNPATH_SEARCH_PATHS = (
					"$(inherited)",
					"@executable_path/Frameworks",
				);
				PRODUCT_BUNDLE_IDENTIFIER = "com.rpathadeapps.showmethis.Show-Me-This";
				PRODUCT_NAME = "$(TARGET_NAME)";
				SWIFT_VERSION = 4.0;
				TARGETED_DEVICE_FAMILY = "1,2";
			};
			name = Release;
		};
/* End XCBuildConfiguration section */

/* Begin XCConfigurationList section */
		40DB17E92099F2B4002AEC9A /* Build configuration list for PBXProject "Show Me This" */ = {
			isa = XCConfigurationList;
			buildConfigurations = (
				40DB17FE2099F2B8002AEC9A /* Debug */,
				40DB17FF2099F2B8002AEC9A /* Release */,
			);
			defaultConfigurationIsVisible = 0;
			defaultConfigurationName = Release;
		};
		40DB18002099F2B8002AEC9A /* Build configuration list for PBXNativeTarget "Show Me This" */ = {
			isa = XCConfigurationList;
			buildConfigurations = (
				40DB18012099F2B8002AEC9A /* Debug */,
				40DB18022099F2B8002AEC9A /* Release */,
			);
			defaultConfigurationIsVisible = 0;
			defaultConfigurationName = Release;
		};
/* End XCConfigurationList section */

/* Begin XCVersionGroup section */
		402E389520E0F5DC00B0CDB8 /* Wolfram.xcdatamodeld */ = {
			isa = XCVersionGroup;
			children = (
				402E389620E0F5DC00B0CDB8 /* Wolfram.xcdatamodel */,
			);
			currentVersion = 402E389620E0F5DC00B0CDB8 /* Wolfram.xcdatamodel */;
			path = Wolfram.xcdatamodeld;
			sourceTree = "<group>";
			versionGroupType = wrapper.xcdatamodel;
		};
/* End XCVersionGroup section */
	};
	rootObject = 40DB17E62099F2B4002AEC9A /* Project object */;
}
